
Microsoft Visual Studio Solution File, Format Version 12.00
# Visual Studio 15
VisualStudioVersion = 15.0.28307.1267
MinimumVisualStudioVersion = 10.0.40219.1
Project("{FAE04EC0-301F-11D3-BF4B-00C04F79EFBC}") = "NKatmanliMimari", "NKatmanliMimari\NKatmanliMimari.csproj", "{54A064FF-466A-4A7F-A7F8-D88256E71D09}"
EndProject
Project("{FAE04EC0-301F-11D3-BF4B-00C04F79EFBC}") = "EntityLayer", "EntityLayer\EntityLayer.csproj", "{59EE8E5B-6E8B-4125-B444-7C40B780665B}"
EndProject
Project("{FAE04EC0-301F-11D3-BF4B-00C04F79EFBC}") = "DataAccessLayer", "DataAccessLayer\DataAccessLayer.csproj", "{5B20780C-D0D4-48DD-9B75-0331FE0DF1F6}"
EndProject
Project("{FAE04EC0-301F-11D3-BF4B-00C04F79EFBC}") = "LogicLayer", "LogicLAyer\LogicLayer.csproj", "{A02F9787-650A-4576-BA67-18ABED67C39A}"
EndProject
Global
	GlobalSection(SolutionConfigurationPlatforms) = preSolution
		Debug|Any CPU = Debug|Any CPU
		Release|Any CPU = Release|Any CPU
	EndGlobalSection
	GlobalSection(ProjectConfigurationPlatforms) = postSolution
		{54A064FF-466A-4A7F-A7F8-D88256E71D09}.Debug|Any CPU.ActiveCfg = Debug|Any CPU
		{54A064FF-466A-4A7F-A7F8-D88256E71D09}.Debug|Any CPU.Build.0 = Debug|Any CPU
		{54A064FF-466A-4A7F-A7F8-D88256E71D09}.Release|Any CPU.ActiveCfg = Release|Any CPU
		{54A064FF-466A-4A7F-A7F8-D88256E71D09}.Release|Any CPU.Build.0 = Release|Any CPU
		{59EE8E5B-6E8B-4125-B444-7C40B780665B}.Debug|Any CPU.ActiveCfg = Debug|Any CPU
		{59EE8E5B-6E8B-4125-B444-7C40B780665B}.Debug|Any CPU.Build.0 = Debug|Any CPU
		{59EE8E5B-6E8B-4125-B444-7C40B780665B}.Release|Any CPU.ActiveCfg = Release|Any CPU
		{59EE8E5B-6E8B-4125-B444-7C40B780665B}.Release|Any CPU.Build.0 = Release|Any CPU
		{5B20780C-D0D4-48DD-9B75-0331FE0DF1F6}.Debug|Any CPU.ActiveCfg = Debug|Any CPU
		{5B20780C-D0D4-48DD-9B75-0331FE0DF1F6}.Debug|Any CPU.Build.0 = Debug|Any CPU
		{5B20780C-D0D4-48DD-9B75-0331FE0DF1F6}.Release|Any CPU.ActiveCfg = Release|Any CPU
		{5B20780C-D0D4-48DD-9B75-0331FE0DF1F6}.Release|Any CPU.Build.0 = Release|Any CPU
		{A02F9787-650A-4576-BA67-18ABED67C39A}.Debug|Any CPU.ActiveCfg = Debug|Any CPU
		{A02F9787-650A-4576-BA67-18ABED67C39A}.Debug|Any CPU.Build.0 = Debug|Any CPU
		{A02F9787-650A-4576-BA67-18ABED67C39A}.Release|Any CPU.ActiveCfg = Release|Any CPU
		{A02F9787-650A-4576-BA67-18ABED67C39A}.Release|Any CPU.Build.0 = Release|Any CPU
	EndGlobalSection
	GlobalSection(SolutionProperties) = preSolution
		HideSolutionNode = FALSE
	EndGlobalSection
	GlobalSection(ExtensibilityGlobals) = postSolution
		SolutionGuid = {4C4CB09B-0F52-407D-91AB-FA2AB7F4DA31}
	EndGlobalSection
EndGlobal
